
Microsoft Visual Studio Solution File, Format Version 12.00
# Visual Studio Version 17
VisualStudioVersion = 17.1.32407.343
MinimumVisualStudioVersion = 10.0.40219.1
Project("{FAE04EC0-301F-11D3-BF4B-00C04F79EFBC}") = "Git Out", "Git Out\Git Out.csproj", "{50D5B7CA-DB8F-46F2-BE67-5597E82BAD15}"
EndProject
Global
	GlobalSection(SolutionConfigurationPlatforms) = preSolution
		Debug|Any CPU = Debug|Any CPU
		Release|Any CPU = Release|Any CPU
	EndGlobalSection
	GlobalSection(ProjectConfigurationPlatforms) = postSolution
		{50D5B7CA-DB8F-46F2-BE67-5597E82BAD15}.Debug|Any CPU.ActiveCfg = Debug|Any CPU
		{50D5B7CA-DB8F-46F2-BE67-5597E82BAD15}.Debug|Any CPU.Build.0 = Debug|Any CPU
		{50D5B7CA-DB8F-46F2-BE67-5597E82BAD15}.Release|Any CPU.ActiveCfg = Release|Any CPU
		{50D5B7CA-DB8F-46F2-BE67-5597E82BAD15}.Release|Any CPU.Build.0 = Release|Any CPU
	EndGlobalSection
	GlobalSection(SolutionProperties) = preSolution
		HideSolutionNode = FALSE
	EndGlobalSection
	GlobalSection(ExtensibilityGlobals) = postSolution
		SolutionGuid = {374F236F-6272-41B9-9FB7-054EC512C18A}
	EndGlobalSection
EndGlobal
